{
  "pins" : [
    {
      "identity" : "anycodable",
      "kind" : "remoteSourceControl",
      "location" : "https://github.com/flight-school/AnyCodable.git",
      "state" : {
        "revision" : "862808b2070cd908cb04f9aafe7de83d35f81b05",
        "version" : "0.6.7"
      }
    },
    {
      "identity" : "geojson",
      "kind" : "remoteSourceControl",
      "location" : "https://github.com/kiliankoe/GeoJSON",
      "state" : {
        "branch" : "main",
        "revision" : "86fcb9c78d4c452a347d8dee64cc5deac35d451e"
      }
    },
    {
      "identity" : "swiftdate",
      "kind" : "remoteSourceControl",
      "location" : "https://github.com/malcommac/SwiftDate",
      "state" : {
        "branch" : "master",
        "revision" : "5d943224c3bb173e6ecf27295611615eba90c80e"
      }
    }
  ],
  "version" : 2
}
